// !$*UTF8*$!
{
	archiveVersion = 1;
	classes = {
	};
	objectVersion = 46;
	objects = {

/* Begin PBXBuildFile section */
		0AF521351D408AF4009611B1 /* Alamofire.framework in Frameworks */ = {isa = PBXBuildFile; fileRef = 0AF521341D408AF4009611B1 /* Alamofire.framework */; };
		0AF5213E1D408C5F009611B1 /* CategoryViewController.swift in Sources */ = {isa = PBXBuildFile; fileRef = 0AF521391D408C5F009611B1 /* CategoryViewController.swift */; };
		0AF5213F1D408C5F009611B1 /* CategoryViewControllerCell.swift in Sources */ = {isa = PBXBuildFile; fileRef = 0AF5213A1D408C5F009611B1 /* CategoryViewControllerCell.swift */; };
		0AF521401D408C5F009611B1 /* ViewProtocol.swift in Sources */ = {isa = PBXBuildFile; fileRef = 0AF5213B1D408C5F009611B1 /* ViewProtocol.swift */; };
		0AF521411D408C5F009611B1 /* DetailViewController.swift in Sources */ = {isa = PBXBuildFile; fileRef = 0AF5213C1D408C5F009611B1 /* DetailViewController.swift */; };
		0AF521421D408C5F009611B1 /* LoginViewController.swift in Sources */ = {isa = PBXBuildFile; fileRef = 0AF5213D1D408C5F009611B1 /* LoginViewController.swift */; };
		0AF521451D408D61009611B1 /* Controllerprotocol.swift in Sources */ = {isa = PBXBuildFile; fileRef = 0AF521431D408D61009611B1 /* Controllerprotocol.swift */; };
		0AF521461D408D61009611B1 /* controller.swift in Sources */ = {isa = PBXBuildFile; fileRef = 0AF521441D408D61009611B1 /* controller.swift */; };
		0AF5214A1D408E26009611B1 /* Main.storyboard in Resources */ = {isa = PBXBuildFile; fileRef = 0AF521491D408E26009611B1 /* Main.storyboard */; };
		0AF5214C1D408EE0009611B1 /* Assets.xcassets in Resources */ = {isa = PBXBuildFile; fileRef = 0AF5214B1D408EE0009611B1 /* Assets.xcassets */; };
		7001F00A1D433E7E00CC197C /* SearchController.swift in Sources */ = {isa = PBXBuildFile; fileRef = 7001F0091D433E7E00CC197C /* SearchController.swift */; };
		7001F00C1D433FBD00CC197C /* SearchViewControllerProtocol.swift in Sources */ = {isa = PBXBuildFile; fileRef = 7001F00B1D433FBD00CC197C /* SearchViewControllerProtocol.swift */; };
		7001F00E1D43402100CC197C /* SearchControllerProtocol.swift in Sources */ = {isa = PBXBuildFile; fileRef = 7001F00D1D43402100CC197C /* SearchControllerProtocol.swift */; };
		7001F0131D43982E00CC197C /* HistoryViewController.swift in Sources */ = {isa = PBXBuildFile; fileRef = 7001F0121D43982E00CC197C /* HistoryViewController.swift */; };
		7001F0151D43984000CC197C /* HistoryController.swift in Sources */ = {isa = PBXBuildFile; fileRef = 7001F0141D43984000CC197C /* HistoryController.swift */; };
		7001F0171D43985800CC197C /* HistoryControllerProtocol.swift in Sources */ = {isa = PBXBuildFile; fileRef = 7001F0161D43985800CC197C /* HistoryControllerProtocol.swift */; };
		7001F0191D43986C00CC197C /* HistoryViewControllerProtocol.swift in Sources */ = {isa = PBXBuildFile; fileRef = 7001F0181D43986C00CC197C /* HistoryViewControllerProtocol.swift */; };
		7001F01B1D4398FE00CC197C /* HistoryCollectionViewCell.swift in Sources */ = {isa = PBXBuildFile; fileRef = 7001F01A1D4398FE00CC197C /* HistoryCollectionViewCell.swift */; };
		702A4A8C1D4249A000CCEE94 /* ViewController.swift in Sources */ = {isa = PBXBuildFile; fileRef = 702A4A8B1D4249A000CCEE94 /* ViewController.swift */; };
		7045BF8A1D3A4157003614E3 /* AppDelegate.swift in Sources */ = {isa = PBXBuildFile; fileRef = 7045BF891D3A4157003614E3 /* AppDelegate.swift */; };
		7045BF941D3A4157003614E3 /* LaunchScreen.storyboard in Resources */ = {isa = PBXBuildFile; fileRef = 7045BF921D3A4157003614E3 /* LaunchScreen.storyboard */; };
		706EA32D1D421A2C007B2E3B /* SearchBarViewController.swift in Sources */ = {isa = PBXBuildFile; fileRef = 706EA32C1D421A2C007B2E3B /* SearchBarViewController.swift */; };
		70BE283E1D4878F500E564ED /* LogOutScreenViewController.swift in Sources */ = {isa = PBXBuildFile; fileRef = 70BE283D1D4878F400E564ED /* LogOutScreenViewController.swift */; };
		70BE28401D48845900E564ED /* LogOutScreenController.swift in Sources */ = {isa = PBXBuildFile; fileRef = 70BE283F1D48845900E564ED /* LogOutScreenController.swift */; };
		70BE28451D48CA4400E564ED /* LocalDataDase.swift in Sources */ = {isa = PBXBuildFile; fileRef = 70BE28441D48CA4400E564ED /* LocalDataDase.swift */; };
		70BE28471D48CA8C00E564ED /* libsqlite3.tbd in Frameworks */ = {isa = PBXBuildFile; fileRef = 70BE28461D48CA8C00E564ED /* libsqlite3.tbd */; };
		70BE284C1D48CC1000E564ED /* FMDB.framework in Frameworks */ = {isa = PBXBuildFile; fileRef = 70BE284B1D48CC1000E564ED /* FMDB.framework */; };
		70E8B2CD1D45D90C004AB01A /* SearchBarCollectionViewCell.swift in Sources */ = {isa = PBXBuildFile; fileRef = 70E8B2CB1D45D90B004AB01A /* SearchBarCollectionViewCell.swift */; };
		70E8B2CE1D45D90C004AB01A /* SearchBarCollectionViewCell.xib in Resources */ = {isa = PBXBuildFile; fileRef = 70E8B2CC1D45D90B004AB01A /* SearchBarCollectionViewCell.xib */; };
		70EB8B071D47257200E636C5 /* CollectionReusableView.swift in Sources */ = {isa = PBXBuildFile; fileRef = 70EB8B061D47257200E636C5 /* CollectionReusableView.swift */; };
		70EB8B0B1D4769EC00E636C5 /* CustomViewFlowLayout.swift in Sources */ = {isa = PBXBuildFile; fileRef = 70EB8B0A1D4769EC00E636C5 /* CustomViewFlowLayout.swift */; };
		70EEEF7D1D40C97600E18CB0 /* SubCategoryController.swift in Sources */ = {isa = PBXBuildFile; fileRef = 70EEEF7C1D40C97600E18CB0 /* SubCategoryController.swift */; };
		70EEEF7F1D40C97D00E18CB0 /* SubCategoryControllerProtocol.swift in Sources */ = {isa = PBXBuildFile; fileRef = 70EEEF7E1D40C97D00E18CB0 /* SubCategoryControllerProtocol.swift */; };
		70EEEF811D40C98800E18CB0 /* SubCategoryViewCell.swift in Sources */ = {isa = PBXBuildFile; fileRef = 70EEEF801D40C98800E18CB0 /* SubCategoryViewCell.swift */; };
		70EEEF831D40C99400E18CB0 /* SubCategoryViewContoller.swift in Sources */ = {isa = PBXBuildFile; fileRef = 70EEEF821D40C99400E18CB0 /* SubCategoryViewContoller.swift */; };
		70EEEF851D40C99B00E18CB0 /* SubCategoryViewContollerProtocol.swift in Sources */ = {isa = PBXBuildFile; fileRef = 70EEEF841D40C99B00E18CB0 /* SubCategoryViewContollerProtocol.swift */; };
		70EEEF871D40C9A700E18CB0 /* RestService.swift in Sources */ = {isa = PBXBuildFile; fileRef = 70EEEF861D40C9A700E18CB0 /* RestService.swift */; };
		7C9DDD55534154B4ACF47B18 /* Pods_AppyStoreApplication.framework in Frameworks */ = {isa = PBXBuildFile; fileRef = 789F91469482654E3E6B56E3 /* Pods_AppyStoreApplication.framework */; };
/* End PBXBuildFile section */

/* Begin PBXFileReference section */
		0AF521341D408AF4009611B1 /* Alamofire.framework */ = {isa = PBXFileReference; lastKnownFileType = wrapper.framework; name = Alamofire.framework; path = "../../../Library/Developer/Xcode/DerivedData/AppyStoreApplication-ctaujopyrzspjnaofztnappzixts/Build/Products/Debug-iphonesimulator/Alamofire/Alamofire.framework"; sourceTree = "<group>"; };
		0AF521391D408C5F009611B1 /* CategoryViewController.swift */ = {isa = PBXFileReference; fileEncoding = 4; lastKnownFileType = sourcecode.swift; name = CategoryViewController.swift; path = AppyStoreApplication/CategoryViewController.swift; sourceTree = "<group>"; };
		0AF5213A1D408C5F009611B1 /* CategoryViewControllerCell.swift */ = {isa = PBXFileReference; fileEncoding = 4; lastKnownFileType = sourcecode.swift; name = CategoryViewControllerCell.swift; path = AppyStoreApplication/CategoryViewControllerCell.swift; sourceTree = "<group>"; };
		0AF5213B1D408C5F009611B1 /* ViewProtocol.swift */ = {isa = PBXFileReference; fileEncoding = 4; lastKnownFileType = sourcecode.swift; name = ViewProtocol.swift; path = AppyStoreApplication/ViewProtocol.swift; sourceTree = "<group>"; };
		0AF5213C1D408C5F009611B1 /* DetailViewController.swift */ = {isa = PBXFileReference; fileEncoding = 4; lastKnownFileType = sourcecode.swift; name = DetailViewController.swift; path = AppyStoreApplication/DetailViewController.swift; sourceTree = "<group>"; };
		0AF5213D1D408C5F009611B1 /* LoginViewController.swift */ = {isa = PBXFileReference; fileEncoding = 4; lastKnownFileType = sourcecode.swift; name = LoginViewController.swift; path = AppyStoreApplication/LoginViewController.swift; sourceTree = "<group>"; };
		0AF521431D408D61009611B1 /* Controllerprotocol.swift */ = {isa = PBXFileReference; fileEncoding = 4; lastKnownFileType = sourcecode.swift; path = Controllerprotocol.swift; sourceTree = "<group>"; };
		0AF521441D408D61009611B1 /* controller.swift */ = {isa = PBXFileReference; fileEncoding = 4; lastKnownFileType = sourcecode.swift; path = controller.swift; sourceTree = "<group>"; };
		0AF521491D408E26009611B1 /* Main.storyboard */ = {isa = PBXFileReference; fileEncoding = 4; lastKnownFileType = file.storyboard; path = Main.storyboard; sourceTree = "<group>"; };
		0AF5214B1D408EE0009611B1 /* Assets.xcassets */ = {isa = PBXFileReference; lastKnownFileType = folder.assetcatalog; path = Assets.xcassets; sourceTree = "<group>"; };
		7001F0091D433E7E00CC197C /* SearchController.swift */ = {isa = PBXFileReference; fileEncoding = 4; lastKnownFileType = sourcecode.swift; path = SearchController.swift; sourceTree = "<group>"; };
		7001F00B1D433FBD00CC197C /* SearchViewControllerProtocol.swift */ = {isa = PBXFileReference; fileEncoding = 4; lastKnownFileType = sourcecode.swift; path = SearchViewControllerProtocol.swift; sourceTree = "<group>"; };
		7001F00D1D43402100CC197C /* SearchControllerProtocol.swift */ = {isa = PBXFileReference; fileEncoding = 4; lastKnownFileType = sourcecode.swift; path = SearchControllerProtocol.swift; sourceTree = "<group>"; };
		7001F0121D43982E00CC197C /* HistoryViewController.swift */ = {isa = PBXFileReference; fileEncoding = 4; lastKnownFileType = sourcecode.swift; path = HistoryViewController.swift; sourceTree = "<group>"; };
		7001F0141D43984000CC197C /* HistoryController.swift */ = {isa = PBXFileReference; fileEncoding = 4; lastKnownFileType = sourcecode.swift; path = HistoryController.swift; sourceTree = "<group>"; };
		7001F0161D43985800CC197C /* HistoryControllerProtocol.swift */ = {isa = PBXFileReference; fileEncoding = 4; lastKnownFileType = sourcecode.swift; path = HistoryControllerProtocol.swift; sourceTree = "<group>"; };
		7001F0181D43986C00CC197C /* HistoryViewControllerProtocol.swift */ = {isa = PBXFileReference; fileEncoding = 4; lastKnownFileType = sourcecode.swift; path = HistoryViewControllerProtocol.swift; sourceTree = "<group>"; };
		7001F01A1D4398FE00CC197C /* HistoryCollectionViewCell.swift */ = {isa = PBXFileReference; fileEncoding = 4; lastKnownFileType = sourcecode.swift; path = HistoryCollectionViewCell.swift; sourceTree = "<group>"; };
		702A4A8B1D4249A000CCEE94 /* ViewController.swift */ = {isa = PBXFileReference; fileEncoding = 4; lastKnownFileType = sourcecode.swift; path = ViewController.swift; sourceTree = "<group>"; };
		7045BF861D3A4157003614E3 /* AppyStoreApplication.app */ = {isa = PBXFileReference; explicitFileType = wrapper.application; includeInIndex = 0; path = AppyStoreApplication.app; sourceTree = BUILT_PRODUCTS_DIR; };
		7045BF891D3A4157003614E3 /* AppDelegate.swift */ = {isa = PBXFileReference; lastKnownFileType = sourcecode.swift; path = AppDelegate.swift; sourceTree = "<group>"; };
		7045BF931D3A4157003614E3 /* Base */ = {isa = PBXFileReference; lastKnownFileType = file.storyboard; name = Base; path = Base.lproj/LaunchScreen.storyboard; sourceTree = "<group>"; };
		7045BF951D3A4157003614E3 /* Info.plist */ = {isa = PBXFileReference; lastKnownFileType = text.plist.xml; path = Info.plist; sourceTree = "<group>"; };
		706EA32C1D421A2C007B2E3B /* SearchBarViewController.swift */ = {isa = PBXFileReference; fileEncoding = 4; lastKnownFileType = sourcecode.swift; lineEnding = 0; path = SearchBarViewController.swift; sourceTree = "<group>"; };
		70BE283D1D4878F400E564ED /* LogOutScreenViewController.swift */ = {isa = PBXFileReference; fileEncoding = 4; lastKnownFileType = sourcecode.swift; path = LogOutScreenViewController.swift; sourceTree = "<group>"; };
		70BE283F1D48845900E564ED /* LogOutScreenController.swift */ = {isa = PBXFileReference; fileEncoding = 4; lastKnownFileType = sourcecode.swift; path = LogOutScreenController.swift; sourceTree = "<group>"; };
		70BE28441D48CA4400E564ED /* LocalDataDase.swift */ = {isa = PBXFileReference; fileEncoding = 4; lastKnownFileType = sourcecode.swift; path = LocalDataDase.swift; sourceTree = "<group>"; };
		70BE28461D48CA8C00E564ED /* libsqlite3.tbd */ = {isa = PBXFileReference; lastKnownFileType = "sourcecode.text-based-dylib-definition"; name = libsqlite3.tbd; path = usr/lib/libsqlite3.tbd; sourceTree = SDKROOT; };
		70BE28481D48CB5200E564ED /* AppyStoreApplication-Bridging-Header.h */ = {isa = PBXFileReference; lastKnownFileType = sourcecode.c.h; path = "AppyStoreApplication-Bridging-Header.h"; sourceTree = "<group>"; };
		70BE284B1D48CC1000E564ED /* FMDB.framework */ = {isa = PBXFileReference; lastKnownFileType = wrapper.framework; name = FMDB.framework; path = "Pods/../build/Debug-iphoneos/FMDB/FMDB.framework"; sourceTree = "<group>"; };
		70E8B2CB1D45D90B004AB01A /* SearchBarCollectionViewCell.swift */ = {isa = PBXFileReference; fileEncoding = 4; lastKnownFileType = sourcecode.swift; path = SearchBarCollectionViewCell.swift; sourceTree = "<group>"; };
		70E8B2CC1D45D90B004AB01A /* SearchBarCollectionViewCell.xib */ = {isa = PBXFileReference; fileEncoding = 4; lastKnownFileType = file.xib; path = SearchBarCollectionViewCell.xib; sourceTree = "<group>"; };
		70EB8B061D47257200E636C5 /* CollectionReusableView.swift */ = {isa = PBXFileReference; fileEncoding = 4; lastKnownFileType = sourcecode.swift; path = CollectionReusableView.swift; sourceTree = "<group>"; };
		70EB8B0A1D4769EC00E636C5 /* CustomViewFlowLayout.swift */ = {isa = PBXFileReference; fileEncoding = 4; lastKnownFileType = sourcecode.swift; path = CustomViewFlowLayout.swift; sourceTree = "<group>"; };
		70EEEF7C1D40C97600E18CB0 /* SubCategoryController.swift */ = {isa = PBXFileReference; fileEncoding = 4; lastKnownFileType = sourcecode.swift; path = SubCategoryController.swift; sourceTree = "<group>"; };
		70EEEF7E1D40C97D00E18CB0 /* SubCategoryControllerProtocol.swift */ = {isa = PBXFileReference; fileEncoding = 4; lastKnownFileType = sourcecode.swift; path = SubCategoryControllerProtocol.swift; sourceTree = "<group>"; };
		70EEEF801D40C98800E18CB0 /* SubCategoryViewCell.swift */ = {isa = PBXFileReference; fileEncoding = 4; lastKnownFileType = sourcecode.swift; path = SubCategoryViewCell.swift; sourceTree = "<group>"; };
		70EEEF821D40C99400E18CB0 /* SubCategoryViewContoller.swift */ = {isa = PBXFileReference; fileEncoding = 4; lastKnownFileType = sourcecode.swift; path = SubCategoryViewContoller.swift; sourceTree = "<group>"; };
		70EEEF841D40C99B00E18CB0 /* SubCategoryViewContollerProtocol.swift */ = {isa = PBXFileReference; fileEncoding = 4; lastKnownFileType = sourcecode.swift; path = SubCategoryViewContollerProtocol.swift; sourceTree = "<group>"; };
		70EEEF861D40C9A700E18CB0 /* RestService.swift */ = {isa = PBXFileReference; fileEncoding = 4; lastKnownFileType = sourcecode.swift; path = RestService.swift; sourceTree = "<group>"; };
		70EEEF8A1D40D2EB00E18CB0 /* AlamofireImage.framework */ = {isa = PBXFileReference; lastKnownFileType = wrapper.framework; name = AlamofireImage.framework; path = "Pods/../build/Debug-iphoneos/AlamofireImage/AlamofireImage.framework"; sourceTree = "<group>"; };
		789F91469482654E3E6B56E3 /* Pods_AppyStoreApplication.framework */ = {isa = PBXFileReference; explicitFileType = wrapper.framework; includeInIndex = 0; path = Pods_AppyStoreApplication.framework; sourceTree = BUILT_PRODUCTS_DIR; };
		C34B8F02E20AE1495BB77EA8 /* Pods-AppyStoreApplication.debug.xcconfig */ = {isa = PBXFileReference; includeInIndex = 1; lastKnownFileType = text.xcconfig; name = "Pods-AppyStoreApplication.debug.xcconfig"; path = "Pods/Target Support Files/Pods-AppyStoreApplication/Pods-AppyStoreApplication.debug.xcconfig"; sourceTree = "<group>"; };
		CD5BE78F35BE731B393BE637 /* Pods-AppyStoreApplication.release.xcconfig */ = {isa = PBXFileReference; includeInIndex = 1; lastKnownFileType = text.xcconfig; name = "Pods-AppyStoreApplication.release.xcconfig"; path = "Pods/Target Support Files/Pods-AppyStoreApplication/Pods-AppyStoreApplication.release.xcconfig"; sourceTree = "<group>"; };
/* End PBXFileReference section */

/* Begin PBXFrameworksBuildPhase section */
		7045BF831D3A4157003614E3 /* Frameworks */ = {
			isa = PBXFrameworksBuildPhase;
			buildActionMask = 2147483647;
			files = (
				70BE284C1D48CC1000E564ED /* FMDB.framework in Frameworks */,
				70BE28471D48CA8C00E564ED /* libsqlite3.tbd in Frameworks */,
				0AF521351D408AF4009611B1 /* Alamofire.framework in Frameworks */,
				7C9DDD55534154B4ACF47B18 /* Pods_AppyStoreApplication.framework in Frameworks */,
			);
			runOnlyForDeploymentPostprocessing = 0;
		};
/* End PBXFrameworksBuildPhase section */

/* Begin PBXGroup section */
		0AF521361D408B63009611B1 /* Model */ = {
			isa = PBXGroup;
			children = (
				70BE28441D48CA4400E564ED /* LocalDataDase.swift */,
			);
			name = Model;
			sourceTree = "<group>";
		};
		0AF521371D408B75009611B1 /* CategoryController */ = {
			isa = PBXGroup;
			children = (
				0AF521441D408D61009611B1 /* controller.swift */,
				0AF521431D408D61009611B1 /* Controllerprotocol.swift */,
			);
			name = CategoryController;
			sourceTree = "<group>";
		};
		0AF521381D408B81009611B1 /* Category Views */ = {
			isa = PBXGroup;
			children = (
				706EA3271D41FE2F007B2E3B /* View */,
				0AF521371D408B75009611B1 /* CategoryController */,
			);
			name = "Category Views";
			sourceTree = "<group>";
		};
		6EA365EF8A3BA2194DF7F161 /* Frameworks */ = {
			isa = PBXGroup;
			children = (
				70BE284B1D48CC1000E564ED /* FMDB.framework */,
				70BE28461D48CA8C00E564ED /* libsqlite3.tbd */,
				70EEEF8A1D40D2EB00E18CB0 /* AlamofireImage.framework */,
				0AF521341D408AF4009611B1 /* Alamofire.framework */,
				789F91469482654E3E6B56E3 /* Pods_AppyStoreApplication.framework */,
			);
			name = Frameworks;
			sourceTree = "<group>";
		};
		7001F0041D433E1400CC197C /* Search */ = {
			isa = PBXGroup;
			children = (
				7001F0051D433E2500CC197C /* SearchView */,
				7001F0061D433E3700CC197C /* SearchController */,
			);
			name = Search;
			sourceTree = "<group>";
		};
		7001F0051D433E2500CC197C /* SearchView */ = {
			isa = PBXGroup;
			children = (
				706EA32C1D421A2C007B2E3B /* SearchBarViewController.swift */,
				7001F00B1D433FBD00CC197C /* SearchViewControllerProtocol.swift */,
				7087D7071D462C6A00F3130C /* SearchCustomCell */,
				70EB8B091D47673300E636C5 /* SearchReusableCell */,
			);
			name = SearchView;
			sourceTree = "<group>";
		};
		7001F0061D433E3700CC197C /* SearchController */ = {
			isa = PBXGroup;
			children = (
				7001F0091D433E7E00CC197C /* SearchController.swift */,
				7001F00D1D43402100CC197C /* SearchControllerProtocol.swift */,
			);
			name = SearchController;
			sourceTree = "<group>";
		};
		7001F00F1D4397F800CC197C /* History */ = {
			isa = PBXGroup;
			children = (
				7001F0101D43980100CC197C /* History View */,
				7001F0111D43980B00CC197C /* History Controller */,
			);
			name = History;
			sourceTree = "<group>";
		};
		7001F0101D43980100CC197C /* History View */ = {
			isa = PBXGroup;
			children = (
				7001F0121D43982E00CC197C /* HistoryViewController.swift */,
				7001F0181D43986C00CC197C /* HistoryViewControllerProtocol.swift */,
				7001F01A1D4398FE00CC197C /* HistoryCollectionViewCell.swift */,
			);
			name = "History View";
			sourceTree = "<group>";
		};
		7001F0111D43980B00CC197C /* History Controller */ = {
			isa = PBXGroup;
			children = (
				7001F0141D43984000CC197C /* HistoryController.swift */,
				7001F0161D43985800CC197C /* HistoryControllerProtocol.swift */,
			);
			name = "History Controller";
			sourceTree = "<group>";
		};
		7045BF7D1D3A4156003614E3 = {
			isa = PBXGroup;
			children = (
				70EB8B0A1D4769EC00E636C5 /* CustomViewFlowLayout.swift */,
				7001F00F1D4397F800CC197C /* History */,
				7001F0041D433E1400CC197C /* Search */,
				70EEEF781D40C85300E18CB0 /* SubCategory */,
				0AF521381D408B81009611B1 /* Category Views */,
				70BE283C1D4878B100E564ED /* LogOutScreen */,
				0AF521361D408B63009611B1 /* Model */,
				70BE28431D48C9FA00E564ED /* Services */,
				7045BF881D3A4157003614E3 /* AppyStoreApplication */,
				7045BF871D3A4157003614E3 /* Products */,
				EEB96E31DE06C2D7CC88551D /* Pods */,
				6EA365EF8A3BA2194DF7F161 /* Frameworks */,
				70BE28481D48CB5200E564ED /* AppyStoreApplication-Bridging-Header.h */,
			);
			sourceTree = "<group>";
		};
		7045BF871D3A4157003614E3 /* Products */ = {
			isa = PBXGroup;
			children = (
				7045BF861D3A4157003614E3 /* AppyStoreApplication.app */,
			);
			name = Products;
			sourceTree = "<group>";
		};
		7045BF881D3A4157003614E3 /* AppyStoreApplication */ = {
			isa = PBXGroup;
			children = (
				7045BF891D3A4157003614E3 /* AppDelegate.swift */,
				0AF521491D408E26009611B1 /* Main.storyboard */,
				702A4A8B1D4249A000CCEE94 /* ViewController.swift */,
				0AF5214B1D408EE0009611B1 /* Assets.xcassets */,
				7045BF921D3A4157003614E3 /* LaunchScreen.storyboard */,
				7045BF951D3A4157003614E3 /* Info.plist */,
			);
			path = AppyStoreApplication;
			sourceTree = "<group>";
		};
		706EA3271D41FE2F007B2E3B /* View */ = {
			isa = PBXGroup;
			children = (
				0AF521391D408C5F009611B1 /* CategoryViewController.swift */,
				0AF5213A1D408C5F009611B1 /* CategoryViewControllerCell.swift */,
				0AF5213B1D408C5F009611B1 /* ViewProtocol.swift */,
				0AF5213C1D408C5F009611B1 /* DetailViewController.swift */,
				0AF5213D1D408C5F009611B1 /* LoginViewController.swift */,
			);
			name = View;
			sourceTree = "<group>";
		};
		7087D7071D462C6A00F3130C /* SearchCustomCell */ = {
			isa = PBXGroup;
			children = (
				70E8B2CB1D45D90B004AB01A /* SearchBarCollectionViewCell.swift */,
				70E8B2CC1D45D90B004AB01A /* SearchBarCollectionViewCell.xib */,
			);
			name = SearchCustomCell;
			sourceTree = "<group>";
		};
		70BE283C1D4878B100E564ED /* LogOutScreen */ = {
			isa = PBXGroup;
			children = (
				70BE28421D488F9800E564ED /* LogoutVIew */,
				70BE28411D488F8900E564ED /* Logout Controller */,
			);
			name = LogOutScreen;
			sourceTree = "<group>";
		};
		70BE28411D488F8900E564ED /* Logout Controller */ = {
			isa = PBXGroup;
			children = (
				70BE283F1D48845900E564ED /* LogOutScreenController.swift */,
			);
			name = "Logout Controller";
			sourceTree = "<group>";
		};
		70BE28421D488F9800E564ED /* LogoutVIew */ = {
			isa = PBXGroup;
			children = (
				70BE283D1D4878F400E564ED /* LogOutScreenViewController.swift */,
			);
			name = LogoutVIew;
			sourceTree = "<group>";
		};
		70BE28431D48C9FA00E564ED /* Services */ = {
			isa = PBXGroup;
			children = (
				70EEEF861D40C9A700E18CB0 /* RestService.swift */,
			);
			name = Services;
			sourceTree = "<group>";
		};
		70EB8B091D47673300E636C5 /* SearchReusableCell */ = {
			isa = PBXGroup;
			children = (
				70EB8B061D47257200E636C5 /* CollectionReusableView.swift */,
			);
			name = SearchReusableCell;
			sourceTree = "<group>";
		};
		70EEEF781D40C85300E18CB0 /* SubCategory */ = {
			isa = PBXGroup;
			children = (
				70EEEF791D40C92B00E18CB0 /* SubCatageryView */,
				70EEEF7A1D40C93B00E18CB0 /* SubCategoryController */,
			);
			name = SubCategory;
			sourceTree = "<group>";
		};
		70EEEF791D40C92B00E18CB0 /* SubCatageryView */ = {
			isa = PBXGroup;
			children = (
				70EEEF821D40C99400E18CB0 /* SubCategoryViewContoller.swift */,
				70EEEF841D40C99B00E18CB0 /* SubCategoryViewContollerProtocol.swift */,
				70EEEF801D40C98800E18CB0 /* SubCategoryViewCell.swift */,
			);
			name = SubCatageryView;
			sourceTree = "<group>";
		};
		70EEEF7A1D40C93B00E18CB0 /* SubCategoryController */ = {
			isa = PBXGroup;
			children = (
				70EEEF7C1D40C97600E18CB0 /* SubCategoryController.swift */,
				70EEEF7E1D40C97D00E18CB0 /* SubCategoryControllerProtocol.swift */,
			);
			name = SubCategoryController;
			sourceTree = "<group>";
		};
		EEB96E31DE06C2D7CC88551D /* Pods */ = {
			isa = PBXGroup;
			children = (
				C34B8F02E20AE1495BB77EA8 /* Pods-AppyStoreApplication.debug.xcconfig */,
				CD5BE78F35BE731B393BE637 /* Pods-AppyStoreApplication.release.xcconfig */,
			);
			name = Pods;
			sourceTree = "<group>";
		};
/* End PBXGroup section */

/* Begin PBXNativeTarget section */
		7045BF851D3A4157003614E3 /* AppyStoreApplication */ = {
			isa = PBXNativeTarget;
			buildConfigurationList = 7045BF981D3A4157003614E3 /* Build configuration list for PBXNativeTarget "AppyStoreApplication" */;
			buildPhases = (
				6FBF8D7A56915C1158DAE3FB /* [CP] Check Pods Manifest.lock */,
				7045BF821D3A4157003614E3 /* Sources */,
				7045BF831D3A4157003614E3 /* Frameworks */,
				7045BF841D3A4157003614E3 /* Resources */,
				FB6012C5DA60669B368FF520 /* [CP] Embed Pods Frameworks */,
				0A73F81716E06053F8C68F15 /* [CP] Copy Pods Resources */,
			);
			buildRules = (
			);
			dependencies = (
			);
			name = AppyStoreApplication;
			productName = AppyStoreApplication;
			productReference = 7045BF861D3A4157003614E3 /* AppyStoreApplication.app */;
			productType = "com.apple.product-type.application";
		};
/* End PBXNativeTarget section */

/* Begin PBXProject section */
		7045BF7E1D3A4156003614E3 /* Project object */ = {
			isa = PBXProject;
			attributes = {
				LastSwiftUpdateCheck = 0710;
				LastUpgradeCheck = 0710;
				ORGANIZATIONNAME = bridgelabz;
				TargetAttributes = {
					7045BF851D3A4157003614E3 = {
						CreatedOnToolsVersion = 7.1.1;
						DevelopmentTeam = MV3K92N2Q4;
					};
				};
			};
			buildConfigurationList = 7045BF811D3A4156003614E3 /* Build configuration list for PBXProject "AppyStoreApplication" */;
			compatibilityVersion = "Xcode 3.2";
			developmentRegion = English;
			hasScannedForEncodings = 0;
			knownRegions = (
				en,
				Base,
			);
			mainGroup = 7045BF7D1D3A4156003614E3;
			productRefGroup = 7045BF871D3A4157003614E3 /* Products */;
			projectDirPath = "";
			projectRoot = "";
			targets = (
				7045BF851D3A4157003614E3 /* AppyStoreApplication */,
			);
		};
/* End PBXProject section */

/* Begin PBXResourcesBuildPhase section */
		7045BF841D3A4157003614E3 /* Resources */ = {
			isa = PBXResourcesBuildPhase;
			buildActionMask = 2147483647;
			files = (
				0AF5214A1D408E26009611B1 /* Main.storyboard in Resources */,
				0AF5214C1D408EE0009611B1 /* Assets.xcassets in Resources */,
				70E8B2CE1D45D90C004AB01A /* SearchBarCollectionViewCell.xib in Resources */,
				7045BF941D3A4157003614E3 /* LaunchScreen.storyboard in Resources */,
			);
			runOnlyForDeploymentPostprocessing = 0;
		};
/* End PBXResourcesBuildPhase section */

/* Begin PBXShellScriptBuildPhase section */
		0A73F81716E06053F8C68F15 /* [CP] Copy Pods Resources */ = {
			isa = PBXShellScriptBuildPhase;
			buildActionMask = 2147483647;
			files = (
			);
			inputPaths = (
			);
			name = "[CP] Copy Pods Resources";
			outputPaths = (
			);
			runOnlyForDeploymentPostprocessing = 0;
			shellPath = /bin/sh;
			shellScript = "\"${SRCROOT}/Pods/Target Support Files/Pods-AppyStoreApplication/Pods-AppyStoreApplication-resources.sh\"\n";
			showEnvVarsInLog = 0;
		};
		6FBF8D7A56915C1158DAE3FB /* [CP] Check Pods Manifest.lock */ = {
			isa = PBXShellScriptBuildPhase;
			buildActionMask = 2147483647;
			files = (
			);
			inputPaths = (
			);
			name = "[CP] Check Pods Manifest.lock";
			outputPaths = (
			);
			runOnlyForDeploymentPostprocessing = 0;
			shellPath = /bin/sh;
			shellScript = "diff \"${PODS_ROOT}/../Podfile.lock\" \"${PODS_ROOT}/Manifest.lock\" > /dev/null\nif [[ $? != 0 ]] ; then\n    cat << EOM\nerror: The sandbox is not in sync with the Podfile.lock. Run 'pod install' or update your CocoaPods installation.\nEOM\n    exit 1\nfi\n";
			showEnvVarsInLog = 0;
		};
		FB6012C5DA60669B368FF520 /* [CP] Embed Pods Frameworks */ = {
			isa = PBXShellScriptBuildPhase;
			buildActionMask = 2147483647;
			files = (
			);
			inputPaths = (
			);
			name = "[CP] Embed Pods Frameworks";
			outputPaths = (
			);
			runOnlyForDeploymentPostprocessing = 0;
			shellPath = /bin/sh;
			shellScript = "\"${SRCROOT}/Pods/Target Support Files/Pods-AppyStoreApplication/Pods-AppyStoreApplication-frameworks.sh\"\n";
			showEnvVarsInLog = 0;
		};
/* End PBXShellScriptBuildPhase section */

/* Begin PBXSourcesBuildPhase section */
		7045BF821D3A4157003614E3 /* Sources */ = {
			isa = PBXSourcesBuildPhase;
			buildActionMask = 2147483647;
			files = (
				70BE28451D48CA4400E564ED /* LocalDataDase.swift in Sources */,
				70EEEF851D40C99B00E18CB0 /* SubCategoryViewContollerProtocol.swift in Sources */,
				0AF521421D408C5F009611B1 /* LoginViewController.swift in Sources */,
				706EA32D1D421A2C007B2E3B /* SearchBarViewController.swift in Sources */,
				7001F0131D43982E00CC197C /* HistoryViewController.swift in Sources */,
				0AF5213E1D408C5F009611B1 /* CategoryViewController.swift in Sources */,
				7045BF8A1D3A4157003614E3 /* AppDelegate.swift in Sources */,
				70BE28401D48845900E564ED /* LogOutScreenController.swift in Sources */,
				70EEEF811D40C98800E18CB0 /* SubCategoryViewCell.swift in Sources */,
				0AF521411D408C5F009611B1 /* DetailViewController.swift in Sources */,
				70EB8B0B1D4769EC00E636C5 /* CustomViewFlowLayout.swift in Sources */,
				7001F0171D43985800CC197C /* HistoryControllerProtocol.swift in Sources */,
				70EB8B071D47257200E636C5 /* CollectionReusableView.swift in Sources */,
				7001F00A1D433E7E00CC197C /* SearchController.swift in Sources */,
				0AF521401D408C5F009611B1 /* ViewProtocol.swift in Sources */,
				7001F01B1D4398FE00CC197C /* HistoryCollectionViewCell.swift in Sources */,
				7001F0151D43984000CC197C /* HistoryController.swift in Sources */,
				702A4A8C1D4249A000CCEE94 /* ViewController.swift in Sources */,
				0AF5213F1D408C5F009611B1 /* CategoryViewControllerCell.swift in Sources */,
				0AF521451D408D61009611B1 /* Controllerprotocol.swift in Sources */,
				70EEEF7D1D40C97600E18CB0 /* SubCategoryController.swift in Sources */,
				7001F0191D43986C00CC197C /* HistoryViewControllerProtocol.swift in Sources */,
				0AF521461D408D61009611B1 /* controller.swift in Sources */,
				7001F00C1D433FBD00CC197C /* SearchViewControllerProtocol.swift in Sources */,
				70EEEF831D40C99400E18CB0 /* SubCategoryViewContoller.swift in Sources */,
				70E8B2CD1D45D90C004AB01A /* SearchBarCollectionViewCell.swift in Sources */,
				70BE283E1D4878F500E564ED /* LogOutScreenViewController.swift in Sources */,
				7001F00E1D43402100CC197C /* SearchControllerProtocol.swift in Sources */,
				70EEEF7F1D40C97D00E18CB0 /* SubCategoryControllerProtocol.swift in Sources */,
				70EEEF871D40C9A700E18CB0 /* RestService.swift in Sources */,
			);
			runOnlyForDeploymentPostprocessing = 0;
		};
/* End PBXSourcesBuildPhase section */

/* Begin PBXVariantGroup section */
		7045BF921D3A4157003614E3 /* LaunchScreen.storyboard */ = {
			isa = PBXVariantGroup;
			children = (
				7045BF931D3A4157003614E3 /* Base */,
			);
			name = LaunchScreen.storyboard;
			sourceTree = "<group>";
		};
/* End PBXVariantGroup section */

/* Begin XCBuildConfiguration section */
		7045BF961D3A4157003614E3 /* Debug */ = {
			isa = XCBuildConfiguration;
			buildSettings = {
				ALWAYS_SEARCH_USER_PATHS = NO;
				CLANG_CXX_LANGUAGE_STANDARD = "gnu++0x";
				CLANG_CXX_LIBRARY = "libc++";
				CLANG_ENABLE_MODULES = YES;
				CLANG_ENABLE_OBJC_ARC = YES;
				CLANG_WARN_BOOL_CONVERSION = YES;
				CLANG_WARN_CONSTANT_CONVERSION = YES;
				CLANG_WARN_DIRECT_OBJC_ISA_USAGE = YES_ERROR;
				CLANG_WARN_EMPTY_BODY = YES;
				CLANG_WARN_ENUM_CONVERSION = YES;
				CLANG_WARN_INT_CONVERSION = YES;
				CLANG_WARN_OBJC_ROOT_CLASS = YES_ERROR;
				CLANG_WARN_UNREACHABLE_CODE = YES;
				CLANG_WARN__DUPLICATE_METHOD_MATCH = YES;
				"CODE_SIGN_IDENTITY[sdk=iphoneos*]" = "iPhone Developer";
				COPY_PHASE_STRIP = NO;
				DEBUG_INFORMATION_FORMAT = dwarf;
				ENABLE_STRICT_OBJC_MSGSEND = YES;
				ENABLE_TESTABILITY = YES;
				GCC_C_LANGUAGE_STANDARD = gnu99;
				GCC_DYNAMIC_NO_PIC = NO;
				GCC_NO_COMMON_BLOCKS = YES;
				GCC_OPTIMIZATION_LEVEL = 0;
				GCC_PREPROCESSOR_DEFINITIONS = (
					"DEBUG=1",
					"$(inherited)",
				);
				GCC_WARN_64_TO_32_BIT_CONVERSION = YES;
				GCC_WARN_ABOUT_RETURN_TYPE = YES_ERROR;
				GCC_WARN_UNDECLARED_SELECTOR = YES;
				GCC_WARN_UNINITIALIZED_AUTOS = YES_AGGRESSIVE;
				GCC_WARN_UNUSED_FUNCTION = YES;
				GCC_WARN_UNUSED_VARIABLE = YES;
				IPHONEOS_DEPLOYMENT_TARGET = 9.1;
				MTL_ENABLE_DEBUG_INFO = YES;
				ONLY_ACTIVE_ARCH = YES;
				SDKROOT = iphoneos;
				SWIFT_OPTIMIZATION_LEVEL = "-Onone";
			};
			name = Debug;
		};
		7045BF971D3A4157003614E3 /* Release */ = {
			isa = XCBuildConfiguration;
			buildSettings = {
				ALWAYS_SEARCH_USER_PATHS = NO;
				CLANG_CXX_LANGUAGE_STANDARD = "gnu++0x";
				CLANG_CXX_LIBRARY = "libc++";
				CLANG_ENABLE_MODULES = YES;
				CLANG_ENABLE_OBJC_ARC = YES;
				CLANG_WARN_BOOL_CONVERSION = YES;
				CLANG_WARN_CONSTANT_CONVERSION = YES;
				CLANG_WARN_DIRECT_OBJC_ISA_USAGE = YES_ERROR;
				CLANG_WARN_EMPTY_BODY = YES;
				CLANG_WARN_ENUM_CONVERSION = YES;
				CLANG_WARN_INT_CONVERSION = YES;
				CLANG_WARN_OBJC_ROOT_CLASS = YES_ERROR;
				CLANG_WARN_UNREACHABLE_CODE = YES;
				CLANG_WARN__DUPLICATE_METHOD_MATCH = YES;
				"CODE_SIGN_IDENTITY[sdk=iphoneos*]" = "iPhone Developer";
				COPY_PHASE_STRIP = NO;
				DEBUG_INFORMATION_FORMAT = "dwarf-with-dsym";
				ENABLE_NS_ASSERTIONS = NO;
				ENABLE_STRICT_OBJC_MSGSEND = YES;
				GCC_C_LANGUAGE_STANDARD = gnu99;
				GCC_NO_COMMON_BLOCKS = YES;
				GCC_WARN_64_TO_32_BIT_CONVERSION = YES;
				GCC_WARN_ABOUT_RETURN_TYPE = YES_ERROR;
				GCC_WARN_UNDECLARED_SELECTOR = YES;
				GCC_WARN_UNINITIALIZED_AUTOS = YES_AGGRESSIVE;
				GCC_WARN_UNUSED_FUNCTION = YES;
				GCC_WARN_UNUSED_VARIABLE = YES;
				IPHONEOS_DEPLOYMENT_TARGET = 9.1;
				MTL_ENABLE_DEBUG_INFO = NO;
				SDKROOT = iphoneos;
				VALIDATE_PRODUCT = YES;
			};
			name = Release;
		};
		7045BF991D3A4157003614E3 /* Debug */ = {
			isa = XCBuildConfiguration;
			baseConfigurationReference = C34B8F02E20AE1495BB77EA8 /* Pods-AppyStoreApplication.debug.xcconfig */;
			buildSettings = {
				ASSETCATALOG_COMPILER_APPICON_NAME = AppIcon;
				CLANG_ENABLE_MODULES = YES;
				FRAMEWORK_SEARCH_PATHS = (
					"$(inherited)",
					"$(PROJECT_DIR)/build/Debug-iphoneos/AlamofireImage",
					"$(PROJECT_DIR)/build/Debug-iphoneos/FMDB",
				);
				INFOPLIST_FILE = AppyStoreApplication/Info.plist;
				LD_RUNPATH_SEARCH_PATHS = "$(inherited) @executable_path/Frameworks";
				PRODUCT_BUNDLE_IDENTIFIER = com.bridgelabz.AppyStoreApplication;
				PRODUCT_NAME = "$(TARGET_NAME)";
				SWIFT_OBJC_BRIDGING_HEADER = "AppyStoreApplication-Bridging-Header.h";
				SWIFT_OPTIMIZATION_LEVEL = "-Onone";
			};
			name = Debug;
		};
		7045BF9A1D3A4157003614E3 /* Release */ = {
			isa = XCBuildConfiguration;
			baseConfigurationReference = CD5BE78F35BE731B393BE637 /* Pods-AppyStoreApplication.release.xcconfig */;
			buildSettings = {
				ASSETCATALOG_COMPILER_APPICON_NAME = AppIcon;
				CLANG_ENABLE_MODULES = YES;
				FRAMEWORK_SEARCH_PATHS = (
					"$(inherited)",
					"$(PROJECT_DIR)/build/Debug-iphoneos/AlamofireImage",
					"$(PROJECT_DIR)/build/Debug-iphoneos/FMDB",
				);
				INFOPLIST_FILE = AppyStoreApplication/Info.plist;
				LD_RUNPATH_SEARCH_PATHS = "$(inherited) @executable_path/Frameworks";
				PRODUCT_BUNDLE_IDENTIFIER = com.bridgelabz.AppyStoreApplication;
				PRODUCT_NAME = "$(TARGET_NAME)";
				SWIFT_OBJC_BRIDGING_HEADER = "AppyStoreApplication-Bridging-Header.h";
			};
			name = Release;
		};
/* End XCBuildConfiguration section */

/* Begin XCConfigurationList section */
		7045BF811D3A4156003614E3 /* Build configuration list for PBXProject "AppyStoreApplication" */ = {
			isa = XCConfigurationList;
			buildConfigurations = (
				7045BF961D3A4157003614E3 /* Debug */,
				7045BF971D3A4157003614E3 /* Release */,
			);
			defaultConfigurationIsVisible = 0;
			defaultConfigurationName = Release;
		};
		7045BF981D3A4157003614E3 /* Build configuration list for PBXNativeTarget "AppyStoreApplication" */ = {
			isa = XCConfigurationList;
			buildConfigurations = (
				7045BF991D3A4157003614E3 /* Debug */,
				7045BF9A1D3A4157003614E3 /* Release */,
			);
			defaultConfigurationIsVisible = 0;
			defaultConfigurationName = Release;
		};
/* End XCConfigurationList section */
	};
	rootObject = 7045BF7E1D3A4156003614E3 /* Project object */;
}
